// !$*UTF8*$!
{
	archiveVersion = 1;
	classes = {
	};
	objectVersion = 46;
	objects = {

/* Begin PBXBuildFile section */
		0466FE921D13D72200E930C8 /* AppDelegate.swift in Sources */ = {isa = PBXBuildFile; fileRef = 0466FE911D13D72200E930C8 /* AppDelegate.swift */; };
		0466FE941D13D72200E930C8 /* ViewController.swift in Sources */ = {isa = PBXBuildFile; fileRef = 0466FE931D13D72200E930C8 /* ViewController.swift */; };
		0466FE971D13D72200E930C8 /* Main.storyboard in Resources */ = {isa = PBXBuildFile; fileRef = 0466FE951D13D72200E930C8 /* Main.storyboard */; };
		0466FE991D13D72200E930C8 /* Assets.xcassets in Resources */ = {isa = PBXBuildFile; fileRef = 0466FE981D13D72200E930C8 /* Assets.xcassets */; };
		0466FE9C1D13D72200E930C8 /* LaunchScreen.storyboard in Resources */ = {isa = PBXBuildFile; fileRef = 0466FE9A1D13D72200E930C8 /* LaunchScreen.storyboard */; };
		0466FEA41D143BFC00E930C8 /* BeautifulViewController.swift in Sources */ = {isa = PBXBuildFile; fileRef = 0466FEA31D143BFB00E930C8 /* BeautifulViewController.swift */; };
/* End PBXBuildFile section */

/* Begin PBXFileReference section */
		0466FE8E1D13D72200E930C8 /* BeautifulGirl.app */ = {isa = PBXFileReference; explicitFileType = wrapper.application; includeInIndex = 0; path = BeautifulGirl.app; sourceTree = BUILT_PRODUCTS_DIR; };
		0466FE911D13D72200E930C8 /* AppDelegate.swift */ = {isa = PBXFileReference; lastKnownFileType = sourcecode.swift; path = AppDelegate.swift; sourceTree = "<group>"; };
		0466FE931D13D72200E930C8 /* ViewController.swift */ = {isa = PBXFileReference; lastKnownFileType = sourcecode.swift; path = ViewController.swift; sourceTree = "<group>"; };
		0466FE961D13D72200E930C8 /* Base */ = {isa = PBXFileReference; lastKnownFileType = file.storyboard; name = Base; path = Base.lproj/Main.storyboard; sourceTree = "<group>"; };
		0466FE981D13D72200E930C8 /* Assets.xcassets */ = {isa = PBXFileReference; lastKnownFileType = folder.assetcatalog; path = Assets.xcassets; sourceTree = "<group>"; };
		0466FE9B1D13D72200E930C8 /* Base */ = {isa = PBXFileReference; lastKnownFileType = file.storyboard; name = Base; path = Base.lproj/LaunchScreen.storyboard; sourceTree = "<group>"; };
		0466FE9D1D13D72200E930C8 /* Info.plist */ = {isa = PBXFileReference; lastKnownFileType = text.plist.xml; path = Info.plist; sourceTree = "<group>"; };
		0466FEA31D143BFB00E930C8 /* BeautifulViewController.swift */ = {isa = PBXFileReference; fileEncoding = 4; lastKnownFileType = sourcecode.swift; path = BeautifulViewController.swift; sourceTree = "<group>"; };
/* End PBXFileReference section */

/* Begin PBXFrameworksBuildPhase section */
		0466FE8B1D13D72200E930C8 /* Frameworks */ = {
			isa = PBXFrameworksBuildPhase;
			buildActionMask = 2147483647;
			files = (
			);
			runOnlyForDeploymentPostprocessing = 0;
		};
/* End PBXFrameworksBuildPhase section */

/* Begin PBXGroup section */
		0466FE851D13D72200E930C8 = {
			isa = PBXGroup;
			children = (
				0466FE901D13D72200E930C8 /* BeautifulGirl */,
				0466FE8F1D13D72200E930C8 /* Products */,
			);
			sourceTree = "<group>";
		};
		0466FE8F1D13D72200E930C8 /* Products */ = {
			isa = PBXGroup;
			children = (
				0466FE8E1D13D72200E930C8 /* BeautifulGirl.app */,
			);
			name = Products;
			sourceTree = "<group>";
		};
		0466FE901D13D72200E930C8 /* BeautifulGirl */ = {
			isa = PBXGroup;
			children = (
				0466FE911D13D72200E930C8 /* AppDelegate.swift */,
				0466FE931D13D72200E930C8 /* ViewController.swift */,
				0466FEA31D143BFB00E930C8 /* BeautifulViewController.swift */,
				0466FE951D13D72200E930C8 /* Main.storyboard */,
				0466FE981D13D72200E930C8 /* Assets.xcassets */,
				0466FE9A1D13D72200E930C8 /* LaunchScreen.storyboard */,
				0466FE9D1D13D72200E930C8 /* Info.plist */,
			);
			path = BeautifulGirl;
			sourceTree = "<group>";
		};
/* End PBXGroup section */

/* Begin PBXNativeTarget section */
		0466FE8D1D13D72200E930C8 /* BeautifulGirl */ = {
			isa = PBXNativeTarget;
			buildConfigurationList = 0466FEA01D13D72200E930C8 /* Build configuration list for PBXNativeTarget "BeautifulGirl" */;
			buildPhases = (
				0466FE8A1D13D72200E930C8 /* Sources */,
				0466FE8B1D13D72200E930C8 /* Frameworks */,
				0466FE8C1D13D72200E930C8 /* Resources */,
			);
			buildRules = (
			);
			dependencies = (
			);
			name = BeautifulGirl;
			productName = BeautifulGirl;
			productReference = 0466FE8E1D13D72200E930C8 /* BeautifulGirl.app */;
			productType = "com.apple.product-type.application";
		};
/* End PBXNativeTarget section */

/* Begin PBXProject section */
		0466FE861D13D72200E930C8 /* Project object */ = {
			isa = PBXProject;
			attributes = {
				LastSwiftUpdateCheck = 0730;
				LastUpgradeCheck = 0730;
				ORGANIZATIONNAME = mac;
				TargetAttributes = {
					0466FE8D1D13D72200E930C8 = {
						CreatedOnToolsVersion = 7.3.1;
					};
				};
			};
			buildConfigurationList = 0466FE891D13D72200E930C8 /* Build configuration list for PBXProject "BeautifulGirl" */;
			compatibilityVersion = "Xcode 3.2";
			developmentRegion = English;
			hasScannedForEncodings = 0;
			knownRegions = (
				en,
				Base,
			);
			mainGroup = 0466FE851D13D72200E930C8;
			productRefGroup = 0466FE8F1D13D72200E930C8 /* Products */;
			projectDirPath = "";
			projectRoot = "";
			targets = (
				0466FE8D1D13D72200E930C8 /* BeautifulGirl */,
			);
		};
/* End PBXProject section */

/* Begin PBXResourcesBuildPhase section */
		0466FE8C1D13D72200E930C8 /* Resources */ = {
			isa = PBXResourcesBuildPhase;
			buildActionMask = 2147483647;
			files = (
				0466FE9C1D13D72200E930C8 /* LaunchScreen.storyboard in Resources */,
				0466FE991D13D72200E930C8 /* Assets.xcassets in Resources */,
				0466FE971D13D72200E930C8 /* Main.storyboard in Resources */,
			);
			runOnlyForDeploymentPostprocessing = 0;
		};
/* End PBXResourcesBuildPhase section */

/* Begin PBXSourcesBuildPhase section */
		0466FE8A1D13D72200E930C8 /* Sources */ = {
			isa = PBXSourcesBuildPhase;
			buildActionMask = 2147483647;
			files = (
				0466FEA41D143BFC00E930C8 /* BeautifulViewController.swift in Sources */,
				0466FE941D13D72200E930C8 /* ViewController.swift in Sources */,
				0466FE921D13D72200E930C8 /* AppDelegate.swift in Sources */,
			);
			runOnlyForDeploymentPostprocessing = 0;
		};
/* End PBXSourcesBuildPhase section */

/* Begin PBXVariantGroup section */
		0466FE951D13D72200E930C8 /* Main.storyboard */ = {
			isa = PBXVariantGroup;
			children = (
				0466FE961D13D72200E930C8 /* Base */,
			);
			name = Main.storyboard;
			sourceTree = "<group>";
		};
		0466FE9A1D13D72200E930C8 /* LaunchScreen.storyboard */ = {
			isa = PBXVariantGroup;
			children = (
				0466FE9B1D13D72200E930C8 /* Base */,
			);
			name = LaunchScreen.storyboard;
			sourceTree = "<group>";
		};
/* End PBXVariantGroup section */

/* Begin XCBuildConfiguration section */
		0466FE9E1D13D72200E930C8 /* Debug */ = {
			isa = XCBuildConfiguration;
			buildSettings = {
				ALWAYS_SEARCH_USER_PATHS = NO;
				CLANG_ANALYZER_NONNULL = YES;
				CLANG_CXX_LANGUAGE_STANDARD = "gnu++0x";
				CLANG_CXX_LIBRARY = "libc++";
				CLANG_ENABLE_MODULES = YES;
				CLANG_ENABLE_OBJC_ARC = YES;
				CLANG_WARN_BOOL_CONVERSION = YES;
				CLANG_WARN_CONSTANT_CONVERSION = YES;
				CLANG_WARN_DIRECT_OBJC_ISA_USAGE = YES_ERROR;
				CLANG_WARN_EMPTY_BODY = YES;
				CLANG_WARN_ENUM_CONVERSION = YES;
				CLANG_WARN_INT_CONVERSION = YES;
				CLANG_WARN_OBJC_ROOT_CLASS = YES_ERROR;
				CLANG_WARN_UNREACHABLE_CODE = YES;
				CLANG_WARN__DUPLICATE_METHOD_MATCH = YES;
				"CODE_SIGN_IDENTITY[sdk=iphoneos*]" = "iPhone Developer";
				COPY_PHASE_STRIP = NO;
				DEBUG_INFORMATION_FORMAT = dwarf;
				ENABLE_STRICT_OBJC_MSGSEND = YES;
				ENABLE_TESTABILITY = YES;
				GCC_C_LANGUAGE_STANDARD = gnu99;
				GCC_DYNAMIC_NO_PIC = NO;
				GCC_NO_COMMON_BLOCKS = YES;
				GCC_OPTIMIZATION_LEVEL = 0;
				GCC_PREPROCESSOR_DEFINITIONS = (
					"DEBUG=1",
					"$(inherited)",
				);
				GCC_WARN_64_TO_32_BIT_CONVERSION = YES;
				GCC_WARN_ABOUT_RETURN_TYPE = YES_ERROR;
				GCC_WARN_UNDECLARED_SELECTOR = YES;
				GCC_WARN_UNINITIALIZED_AUTOS = YES_AGGRESSIVE;
				GCC_WARN_UNUSED_FUNCTION = YES;
				GCC_WARN_UNUSED_VARIABLE = YES;
				IPHONEOS_DEPLOYMENT_TARGET = 9.3;
				MTL_ENABLE_DEBUG_INFO = YES;
				ONLY_ACTIVE_ARCH = YES;
				SDKROOT = iphoneos;
				SWIFT_OPTIMIZATION_LEVEL = "-Onone";
			};
			name = Debug;
		};
		0466FE9F1D13D72200E930C8 /* Release */ = {
			isa = XCBuildConfiguration;
			buildSettings = {
				ALWAYS_SEARCH_USER_PATHS = NO;
				CLANG_ANALYZER_NONNULL = YES;
				CLANG_CXX_LANGUAGE_STANDARD = "gnu++0x";
				CLANG_CXX_LIBRARY = "libc++";
				CLANG_ENABLE_MODULES = YES;
				CLANG_ENABLE_OBJC_ARC = YES;
				CLANG_WARN_BOOL_CONVERSION = YES;
				CLANG_WARN_CONSTANT_CONVERSION = YES;
				CLANG_WARN_DIRECT_OBJC_ISA_USAGE = YES_ERROR;
				CLANG_WARN_EMPTY_BODY = YES;
				CLANG_WARN_ENUM_CONVERSION = YES;
				CLANG_WARN_INT_CONVERSION = YES;
				CLANG_WARN_OBJC_ROOT_CLASS = YES_ERROR;
				CLANG_WARN_UNREACHABLE_CODE = YES;
				CLANG_WARN__DUPLICATE_METHOD_MATCH = YES;
				"CODE_SIGN_IDENTITY[sdk=iphoneos*]" = "iPhone Developer";
				COPY_PHASE_STRIP = NO;
				DEBUG_INFORMATION_FORMAT = "dwarf-with-dsym";
				ENABLE_NS_ASSERTIONS = NO;
				ENABLE_STRICT_OBJC_MSGSEND = YES;
				GCC_C_LANGUAGE_STANDARD = gnu99;
				GCC_NO_COMMON_BLOCKS = YES;
				GCC_WARN_64_TO_32_BIT_CONVERSION = YES;
				GCC_WARN_ABOUT_RETURN_TYPE = YES_ERROR;
				GCC_WARN_UNDECLARED_SELECTOR = YES;
				GCC_WARN_UNINITIALIZED_AUTOS = YES_AGGRESSIVE;
				GCC_WARN_UNUSED_FUNCTION = YES;
				GCC_WARN_UNUSED_VARIABLE = YES;
				IPHONEOS_DEPLOYMENT_TARGET = 9.3;
				MTL_ENABLE_DEBUG_INFO = NO;
				SDKROOT = iphoneos;
				VALIDATE_PRODUCT = YES;
			};
			name = Release;
		};
		0466FEA11D13D72200E930C8 /* Debug */ = {
			isa = XCBuildConfiguration;
			buildSettings = {
				ASSETCATALOG_COMPILER_APPICON_NAME = AppIcon;
				INFOPLIST_FILE = BeautifulGirl/Info.plist;
				LD_RUNPATH_SEARCH_PATHS = "$(inherited) @executable_path/Frameworks";
				PRODUCT_BUNDLE_IDENTIFIER = com.pengrui.cz.BeautifulGirl;
				PRODUCT_NAME = "$(TARGET_NAME)";
			};
			name = Debug;
		};
		0466FEA21D13D72200E930C8 /* Release */ = {
			isa = XCBuildConfiguration;
			buildSettings = {
				ASSETCATALOG_COMPILER_APPICON_NAME = AppIcon;
				INFOPLIST_FILE = BeautifulGirl/Info.plist;
				LD_RUNPATH_SEARCH_PATHS = "$(inherited) @executable_path/Frameworks";
				PRODUCT_BUNDLE_IDENTIFIER = com.pengrui.cz.BeautifulGirl;
				PRODUCT_NAME = "$(TARGET_NAME)";
			};
			name = Release;
		};
/* End XCBuildConfiguration section */

/* Begin XCConfigurationList section */
		0466FE891D13D72200E930C8 /* Build configuration list for PBXProject "BeautifulGirl" */ = {
			isa = XCConfigurationList;
			buildConfigurations = (
				0466FE9E1D13D72200E930C8 /* Debug */,
				0466FE9F1D13D72200E930C8 /* Release */,
			);
			defaultConfigurationIsVisible = 0;
			defaultConfigurationName = Release;
		};
		0466FEA01D13D72200E930C8 /* Build configuration list for PBXNativeTarget "BeautifulGirl" */ = {
			isa = XCConfigurationList;
			buildConfigurations = (
				0466FEA11D13D72200E930C8 /* Debug */,
				0466FEA21D13D72200E930C8 /* Release */,
			);
			defaultConfigurationIsVisible = 0;
		};
/* End XCConfigurationList section */
	};
	rootObject = 0466FE861D13D72200E930C8 /* Project object */;
}
